// !$*UTF8*$!
{
	archiveVersion = 1;
	classes = {
	};
	objectVersion = 46;
	objects = {

/* Begin PBXBuildFile section */
		9615DDD21E8CD5E3002C3FB3 /* AppDelegate.swift in Sources */ = {isa = PBXBuildFile; fileRef = 9615DDD11E8CD5E3002C3FB3 /* AppDelegate.swift */; };
		9615DDD41E8CD5E3002C3FB3 /* ViewController.swift in Sources */ = {isa = PBXBuildFile; fileRef = 9615DDD31E8CD5E3002C3FB3 /* ViewController.swift */; };
		9615DDD71E8CD5E3002C3FB3 /* Main.storyboard in Resources */ = {isa = PBXBuildFile; fileRef = 9615DDD51E8CD5E3002C3FB3 /* Main.storyboard */; };
		9615DDD91E8CD5E3002C3FB3 /* Assets.xcassets in Resources */ = {isa = PBXBuildFile; fileRef = 9615DDD81E8CD5E3002C3FB3 /* Assets.xcassets */; };
		9615DDDC1E8CD5E3002C3FB3 /* LaunchScreen.storyboard in Resources */ = {isa = PBXBuildFile; fileRef = 9615DDDA1E8CD5E3002C3FB3 /* LaunchScreen.storyboard */; };
		9615DDE51E8CD5FB002C3FB3 /* CarouselCollectionView.swift in Sources */ = {isa = PBXBuildFile; fileRef = 9615DDE31E8CD5FB002C3FB3 /* CarouselCollectionView.swift */; };
		9615DDE61E8CD5FB002C3FB3 /* CommonProxy.swift in Sources */ = {isa = PBXBuildFile; fileRef = 9615DDE41E8CD5FB002C3FB3 /* CommonProxy.swift */; };
		9615DDE81E8CD7A4002C3FB3 /* TestCollectionViewCell.swift in Sources */ = {isa = PBXBuildFile; fileRef = 9615DDE71E8CD7A4002C3FB3 /* TestCollectionViewCell.swift */; };
		9615DDEC1E8CFFBE002C3FB3 /* TimerExtension.swift in Sources */ = {isa = PBXBuildFile; fileRef = 9615DDEB1E8CFFBE002C3FB3 /* TimerExtension.swift */; };
		96195FA61EA0AF77008ACB33 /* gif5新文件.gif in Resources */ = {isa = PBXBuildFile; fileRef = 96195FA51EA0AF77008ACB33 /* gif5新文件.gif */; };
/* End PBXBuildFile section */

/* Begin PBXFileReference section */
		9615DDCE1E8CD5E3002C3FB3 /* Carousel.app */ = {isa = PBXFileReference; explicitFileType = wrapper.application; includeInIndex = 0; path = Carousel.app; sourceTree = BUILT_PRODUCTS_DIR; };
		9615DDD11E8CD5E3002C3FB3 /* AppDelegate.swift */ = {isa = PBXFileReference; lastKnownFileType = sourcecode.swift; path = AppDelegate.swift; sourceTree = "<group>"; };
		9615DDD31E8CD5E3002C3FB3 /* ViewController.swift */ = {isa = PBXFileReference; lastKnownFileType = sourcecode.swift; path = ViewController.swift; sourceTree = "<group>"; };
		9615DDD61E8CD5E3002C3FB3 /* Base */ = {isa = PBXFileReference; lastKnownFileType = file.storyboard; name = Base; path = Base.lproj/Main.storyboard; sourceTree = "<group>"; };
		9615DDD81E8CD5E3002C3FB3 /* Assets.xcassets */ = {isa = PBXFileReference; lastKnownFileType = folder.assetcatalog; path = Assets.xcassets; sourceTree = "<group>"; };
		9615DDDB1E8CD5E3002C3FB3 /* Base */ = {isa = PBXFileReference; lastKnownFileType = file.storyboard; name = Base; path = Base.lproj/LaunchScreen.storyboard; sourceTree = "<group>"; };
		9615DDDD1E8CD5E3002C3FB3 /* Info.plist */ = {isa = PBXFileReference; lastKnownFileType = text.plist.xml; path = Info.plist; sourceTree = "<group>"; };
		9615DDE31E8CD5FB002C3FB3 /* CarouselCollectionView.swift */ = {isa = PBXFileReference; fileEncoding = 4; lastKnownFileType = sourcecode.swift; path = CarouselCollectionView.swift; sourceTree = "<group>"; };
		9615DDE41E8CD5FB002C3FB3 /* CommonProxy.swift */ = {isa = PBXFileReference; fileEncoding = 4; lastKnownFileType = sourcecode.swift; path = CommonProxy.swift; sourceTree = "<group>"; };
		9615DDE71E8CD7A4002C3FB3 /* TestCollectionViewCell.swift */ = {isa = PBXFileReference; fileEncoding = 4; lastKnownFileType = sourcecode.swift; path = TestCollectionViewCell.swift; sourceTree = "<group>"; };
		9615DDEB1E8CFFBE002C3FB3 /* TimerExtension.swift */ = {isa = PBXFileReference; fileEncoding = 4; lastKnownFileType = sourcecode.swift; path = TimerExtension.swift; sourceTree = "<group>"; };
		96195FA51EA0AF77008ACB33 /* gif5新文件.gif */ = {isa = PBXFileReference; lastKnownFileType = image.gif; path = "gif5新文件.gif"; sourceTree = "<group>"; };
/* End PBXFileReference section */

/* Begin PBXFrameworksBuildPhase section */
		9615DDCB1E8CD5E3002C3FB3 /* Frameworks */ = {
			isa = PBXFrameworksBuildPhase;
			buildActionMask = 2147483647;
			files = (
			);
			runOnlyForDeploymentPostprocessing = 0;
		};
/* End PBXFrameworksBuildPhase section */

/* Begin PBXGroup section */
		9615DDC51E8CD5E3002C3FB3 = {
			isa = PBXGroup;
			children = (
				9615DDD01E8CD5E3002C3FB3 /* Carousel */,
				9615DDCF1E8CD5E3002C3FB3 /* Products */,
			);
			sourceTree = "<group>";
		};
		9615DDCF1E8CD5E3002C3FB3 /* Products */ = {
			isa = PBXGroup;
			children = (
				9615DDCE1E8CD5E3002C3FB3 /* Carousel.app */,
			);
			name = Products;
			sourceTree = "<group>";
		};
		9615DDD01E8CD5E3002C3FB3 /* Carousel */ = {
			isa = PBXGroup;
			children = (
				9615DDEB1E8CFFBE002C3FB3 /* TimerExtension.swift */,
				9615DDE31E8CD5FB002C3FB3 /* CarouselCollectionView.swift */,
				9615DDE41E8CD5FB002C3FB3 /* CommonProxy.swift */,
				9615DDE71E8CD7A4002C3FB3 /* TestCollectionViewCell.swift */,
				9615DDD11E8CD5E3002C3FB3 /* AppDelegate.swift */,
				9615DDD31E8CD5E3002C3FB3 /* ViewController.swift */,
				9615DDD51E8CD5E3002C3FB3 /* Main.storyboard */,
				9615DDD81E8CD5E3002C3FB3 /* Assets.xcassets */,
				9615DDDA1E8CD5E3002C3FB3 /* LaunchScreen.storyboard */,
				9615DDDD1E8CD5E3002C3FB3 /* Info.plist */,
				96195FA51EA0AF77008ACB33 /* gif5新文件.gif */,
			);
			path = Carousel;
			sourceTree = "<group>";
		};
/* End PBXGroup section */

/* Begin PBXNativeTarget section */
		9615DDCD1E8CD5E3002C3FB3 /* Carousel */ = {
			isa = PBXNativeTarget;
			buildConfigurationList = 9615DDE01E8CD5E3002C3FB3 /* Build configuration list for PBXNativeTarget "Carousel" */;
			buildPhases = (
				9615DDCA1E8CD5E3002C3FB3 /* Sources */,
				9615DDCB1E8CD5E3002C3FB3 /* Frameworks */,
				9615DDCC1E8CD5E3002C3FB3 /* Resources */,
			);
			buildRules = (
			);
			dependencies = (
			);
			name = Carousel;
			productName = Carousel;
			productReference = 9615DDCE1E8CD5E3002C3FB3 /* Carousel.app */;
			productType = "com.apple.product-type.application";
		};
/* End PBXNativeTarget section */

/* Begin PBXProject section */
		9615DDC61E8CD5E3002C3FB3 /* Project object */ = {
			isa = PBXProject;
			attributes = {
				LastSwiftUpdateCheck = 0820;
				LastUpgradeCheck = 0820;
				ORGANIZATIONNAME = wanwu;
				TargetAttributes = {
					9615DDCD1E8CD5E3002C3FB3 = {
						CreatedOnToolsVersion = 8.2.1;
						DevelopmentTeam = 8RFW2TW3Q2;
						ProvisioningStyle = Automatic;
					};
				};
			};
			buildConfigurationList = 9615DDC91E8CD5E3002C3FB3 /* Build configuration list for PBXProject "Carousel" */;
			compatibilityVersion = "Xcode 3.2";
			developmentRegion = English;
			hasScannedForEncodings = 0;
			knownRegions = (
				en,
				Base,
			);
			mainGroup = 9615DDC51E8CD5E3002C3FB3;
			productRefGroup = 9615DDCF1E8CD5E3002C3FB3 /* Products */;
			projectDirPath = "";
			projectRoot = "";
			targets = (
				9615DDCD1E8CD5E3002C3FB3 /* Carousel */,
			);
		};
/* End PBXProject section */

/* Begin PBXResourcesBuildPhase section */
		9615DDCC1E8CD5E3002C3FB3 /* Resources */ = {
			isa = PBXResourcesBuildPhase;
			buildActionMask = 2147483647;
			files = (
				9615DDDC1E8CD5E3002C3FB3 /* LaunchScreen.storyboard in Resources */,
				9615DDD91E8CD5E3002C3FB3 /* Assets.xcassets in Resources */,
				9615DDD71E8CD5E3002C3FB3 /* Main.storyboard in Resources */,
				96195FA61EA0AF77008ACB33 /* gif5新文件.gif in Resources */,
			);
			runOnlyForDeploymentPostprocessing = 0;
		};
/* End PBXResourcesBuildPhase section */

/* Begin PBXSourcesBuildPhase section */
		9615DDCA1E8CD5E3002C3FB3 /* Sources */ = {
			isa = PBXSourcesBuildPhase;
			buildActionMask = 2147483647;
			files = (
				9615DDE81E8CD7A4002C3FB3 /* TestCollectionViewCell.swift in Sources */,
				9615DDE51E8CD5FB002C3FB3 /* CarouselCollectionView.swift in Sources */,
				9615DDD41E8CD5E3002C3FB3 /* ViewController.swift in Sources */,
				9615DDD21E8CD5E3002C3FB3 /* AppDelegate.swift in Sources */,
				9615DDE61E8CD5FB002C3FB3 /* CommonProxy.swift in Sources */,
				9615DDEC1E8CFFBE002C3FB3 /* TimerExtension.swift in Sources */,
			);
			runOnlyForDeploymentPostprocessing = 0;
		};
/* End PBXSourcesBuildPhase section */

/* Begin PBXVariantGroup section */
		9615DDD51E8CD5E3002C3FB3 /* Main.storyboard */ = {
			isa = PBXVariantGroup;
			children = (
				9615DDD61E8CD5E3002C3FB3 /* Base */,
			);
			name = Main.storyboard;
			sourceTree = "<group>";
		};
		9615DDDA1E8CD5E3002C3FB3 /* LaunchScreen.storyboard */ = {
			isa = PBXVariantGroup;
			children = (
				9615DDDB1E8CD5E3002C3FB3 /* Base */,
			);
			name = LaunchScreen.storyboard;
			sourceTree = "<group>";
		};
/* End PBXVariantGroup section */

/* Begin XCBuildConfiguration section */
		9615DDDE1E8CD5E3002C3FB3 /* Debug */ = {
			isa = XCBuildConfiguration;
			buildSettings = {
				ALWAYS_SEARCH_USER_PATHS = NO;
				CLANG_ANALYZER_NONNULL = YES;
				CLANG_CXX_LANGUAGE_STANDARD = "gnu++0x";
				CLANG_CXX_LIBRARY = "libc++";
				CLANG_ENABLE_MODULES = YES;
				CLANG_ENABLE_OBJC_ARC = YES;
				CLANG_WARN_BOOL_CONVERSION = YES;
				CLANG_WARN_CONSTANT_CONVERSION = YES;
				CLANG_WARN_DIRECT_OBJC_ISA_USAGE = YES_ERROR;
				CLANG_WARN_DOCUMENTATION_COMMENTS = YES;
				CLANG_WARN_EMPTY_BODY = YES;
				CLANG_WARN_ENUM_CONVERSION = YES;
				CLANG_WARN_INFINITE_RECURSION = YES;
				CLANG_WARN_INT_CONVERSION = YES;
				CLANG_WARN_OBJC_ROOT_CLASS = YES_ERROR;
				CLANG_WARN_SUSPICIOUS_MOVE = YES;
				CLANG_WARN_UNREACHABLE_CODE = YES;
				CLANG_WARN__DUPLICATE_METHOD_MATCH = YES;
				"CODE_SIGN_IDENTITY[sdk=iphoneos*]" = "iPhone Developer";
				COPY_PHASE_STRIP = NO;
				DEBUG_INFORMATION_FORMAT = dwarf;
				ENABLE_STRICT_OBJC_MSGSEND = YES;
				ENABLE_TESTABILITY = YES;
				GCC_C_LANGUAGE_STANDARD = gnu99;
				GCC_DYNAMIC_NO_PIC = NO;
				GCC_NO_COMMON_BLOCKS = YES;
				GCC_OPTIMIZATION_LEVEL = 0;
				GCC_PREPROCESSOR_DEFINITIONS = (
					"DEBUG=1",
					"$(inherited)",
				);
				GCC_WARN_64_TO_32_BIT_CONVERSION = YES;
				GCC_WARN_ABOUT_RETURN_TYPE = YES_ERROR;
				GCC_WARN_UNDECLARED_SELECTOR = YES;
				GCC_WARN_UNINITIALIZED_AUTOS = YES_AGGRESSIVE;
				GCC_WARN_UNUSED_FUNCTION = YES;
				GCC_WARN_UNUSED_VARIABLE = YES;
				IPHONEOS_DEPLOYMENT_TARGET = 10.2;
				MTL_ENABLE_DEBUG_INFO = YES;
				ONLY_ACTIVE_ARCH = YES;
				SDKROOT = iphoneos;
				SWIFT_ACTIVE_COMPILATION_CONDITIONS = DEBUG;
				SWIFT_OPTIMIZATION_LEVEL = "-Onone";
				TARGETED_DEVICE_FAMILY = "1,2";
			};
			name = Debug;
		};
		9615DDDF1E8CD5E3002C3FB3 /* Release */ = {
			isa = XCBuildConfiguration;
			buildSettings = {
				ALWAYS_SEARCH_USER_PATHS = NO;
				CLANG_ANALYZER_NONNULL = YES;
				CLANG_CXX_LANGUAGE_STANDARD = "gnu++0x";
				CLANG_CXX_LIBRARY = "libc++";
				CLANG_ENABLE_MODULES = YES;
				CLANG_ENABLE_OBJC_ARC = YES;
				CLANG_WARN_BOOL_CONVERSION = YES;
				CLANG_WARN_CONSTANT_CONVERSION = YES;
				CLANG_WARN_DIRECT_OBJC_ISA_USAGE = YES_ERROR;
				CLANG_WARN_DOCUMENTATION_COMMENTS = YES;
				CLANG_WARN_EMPTY_BODY = YES;
				CLANG_WARN_ENUM_CONVERSION = YES;
				CLANG_WARN_INFINITE_RECURSION = YES;
				CLANG_WARN_INT_CONVERSION = YES;
				CLANG_WARN_OBJC_ROOT_CLASS = YES_ERROR;
				CLANG_WARN_SUSPICIOUS_MOVE = YES;
				CLANG_WARN_UNREACHABLE_CODE = YES;
				CLANG_WARN__DUPLICATE_METHOD_MATCH = YES;
				"CODE_SIGN_IDENTITY[sdk=iphoneos*]" = "iPhone Developer";
				COPY_PHASE_STRIP = NO;
				DEBUG_INFORMATION_FORMAT = "dwarf-with-dsym";
				ENABLE_NS_ASSERTIONS = NO;
				ENABLE_STRICT_OBJC_MSGSEND = YES;
				GCC_C_LANGUAGE_STANDARD = gnu99;
				GCC_NO_COMMON_BLOCKS = YES;
				GCC_WARN_64_TO_32_BIT_CONVERSION = YES;
				GCC_WARN_ABOUT_RETURN_TYPE = YES_ERROR;
				GCC_WARN_UNDECLARED_SELECTOR = YES;
				GCC_WARN_UNINITIALIZED_AUTOS = YES_AGGRESSIVE;
				GCC_WARN_UNUSED_FUNCTION = YES;
				GCC_WARN_UNUSED_VARIABLE = YES;
				IPHONEOS_DEPLOYMENT_TARGET = 10.2;
				MTL_ENABLE_DEBUG_INFO = NO;
				SDKROOT = iphoneos;
				SWIFT_OPTIMIZATION_LEVEL = "-Owholemodule";
				TARGETED_DEVICE_FAMILY = "1,2";
				VALIDATE_PRODUCT = YES;
			};
			name = Release;
		};
		9615DDE11E8CD5E3002C3FB3 /* Debug */ = {
			isa = XCBuildConfiguration;
			buildSettings = {
				ASSETCATALOG_COMPILER_APPICON_NAME = AppIcon;
				DEVELOPMENT_TEAM = 8RFW2TW3Q2;
				INFOPLIST_FILE = Carousel/Info.plist;
				LD_RUNPATH_SEARCH_PATHS = "$(inherited) @executable_path/Frameworks";
				PRODUCT_BUNDLE_IDENTIFIER = com.test.test.Carousel;
				PRODUCT_NAME = "$(TARGET_NAME)";
				SWIFT_VERSION = 3.0;
			};
			name = Debug;
		};
		9615DDE21E8CD5E3002C3FB3 /* Release */ = {
			isa = XCBuildConfiguration;
			buildSettings = {
				ASSETCATALOG_COMPILER_APPICON_NAME = AppIcon;
				DEVELOPMENT_TEAM = 8RFW2TW3Q2;
				INFOPLIST_FILE = Carousel/Info.plist;
				LD_RUNPATH_SEARCH_PATHS = "$(inherited) @executable_path/Frameworks";
				PRODUCT_BUNDLE_IDENTIFIER = com.test.test.Carousel;
				PRODUCT_NAME = "$(TARGET_NAME)";
				SWIFT_VERSION = 3.0;
			};
			name = Release;
		};
/* End XCBuildConfiguration section */

/* Begin XCConfigurationList section */
		9615DDC91E8CD5E3002C3FB3 /* Build configuration list for PBXProject "Carousel" */ = {
			isa = XCConfigurationList;
			buildConfigurations = (
				9615DDDE1E8CD5E3002C3FB3 /* Debug */,
				9615DDDF1E8CD5E3002C3FB3 /* Release */,
			);
			defaultConfigurationIsVisible = 0;
			defaultConfigurationName = Release;
		};
		9615DDE01E8CD5E3002C3FB3 /* Build configuration list for PBXNativeTarget "Carousel" */ = {
			isa = XCConfigurationList;
			buildConfigurations = (
				9615DDE11E8CD5E3002C3FB3 /* Debug */,
				9615DDE21E8CD5E3002C3FB3 /* Release */,
			);
			defaultConfigurationIsVisible = 0;
			defaultConfigurationName = Release;
		};
/* End XCConfigurationList section */
	};
	rootObject = 9615DDC61E8CD5E3002C3FB3 /* Project object */;
}
